// !$*UTF8*$!
{
	archiveVersion = 1;
	classes = {
	};
	objectVersion = 50;
	objects = {

/* Begin PBXBuildFile section */
		42C475AA245EB02C00E049C8 /* AppDelegate.swift in Sources */ = {isa = PBXBuildFile; fileRef = 42C475A9245EB02C00E049C8 /* AppDelegate.swift */; };
		42C475AC245EB02C00E049C8 /* SceneDelegate.swift in Sources */ = {isa = PBXBuildFile; fileRef = 42C475AB245EB02C00E049C8 /* SceneDelegate.swift */; };
		42C475AE245EB02C00E049C8 /* ViewController.swift in Sources */ = {isa = PBXBuildFile; fileRef = 42C475AD245EB02C00E049C8 /* ViewController.swift */; };
		42C475B1245EB02C00E049C8 /* Main.storyboard in Resources */ = {isa = PBXBuildFile; fileRef = 42C475AF245EB02C00E049C8 /* Main.storyboard */; };
		42C475B3245EB03100E049C8 /* Assets.xcassets in Resources */ = {isa = PBXBuildFile; fileRef = 42C475B2245EB03100E049C8 /* Assets.xcassets */; };
		42C475B6245EB03100E049C8 /* LaunchScreen.storyboard in Resources */ = {isa = PBXBuildFile; fileRef = 42C475B4245EB03100E049C8 /* LaunchScreen.storyboard */; };
		4349825DA64D4AB3BC030B75 /* Pods_ProjectwithMyPods.framework in Frameworks */ = {isa = PBXBuildFile; fileRef = F26743050E4D533DDD038755 /* Pods_ProjectwithMyPods.framework */; };
/* End PBXBuildFile section */

/* Begin PBXFileReference section */
		42C475A6245EB02C00E049C8 /* ProjectwithMyPods.app */ = {isa = PBXFileReference; explicitFileType = wrapper.application; includeInIndex = 0; path = ProjectwithMyPods.app; sourceTree = BUILT_PRODUCTS_DIR; };
		42C475A9245EB02C00E049C8 /* AppDelegate.swift */ = {isa = PBXFileReference; lastKnownFileType = sourcecode.swift; path = AppDelegate.swift; sourceTree = "<group>"; };
		42C475AB245EB02C00E049C8 /* SceneDelegate.swift */ = {isa = PBXFileReference; lastKnownFileType = sourcecode.swift; path = SceneDelegate.swift; sourceTree = "<group>"; };
		42C475AD245EB02C00E049C8 /* ViewController.swift */ = {isa = PBXFileReference; lastKnownFileType = sourcecode.swift; path = ViewController.swift; sourceTree = "<group>"; };
		42C475B0245EB02C00E049C8 /* Base */ = {isa = PBXFileReference; lastKnownFileType = file.storyboard; name = Base; path = Base.lproj/Main.storyboard; sourceTree = "<group>"; };
		42C475B2245EB03100E049C8 /* Assets.xcassets */ = {isa = PBXFileReference; lastKnownFileType = folder.assetcatalog; path = Assets.xcassets; sourceTree = "<group>"; };
		42C475B5245EB03100E049C8 /* Base */ = {isa = PBXFileReference; lastKnownFileType = file.storyboard; name = Base; path = Base.lproj/LaunchScreen.storyboard; sourceTree = "<group>"; };
		42C475B7245EB03100E049C8 /* Info.plist */ = {isa = PBXFileReference; lastKnownFileType = text.plist.xml; path = Info.plist; sourceTree = "<group>"; };
		4839DC79708621F6250347B5 /* Pods-ProjectwithMyPods.debug.xcconfig */ = {isa = PBXFileReference; includeInIndex = 1; lastKnownFileType = text.xcconfig; name = "Pods-ProjectwithMyPods.debug.xcconfig"; path = "Target Support Files/Pods-ProjectwithMyPods/Pods-ProjectwithMyPods.debug.xcconfig"; sourceTree = "<group>"; };
		5C7F5532B12F9A821819C126 /* Pods-ProjectwithMyPods.release.xcconfig */ = {isa = PBXFileReference; includeInIndex = 1; lastKnownFileType = text.xcconfig; name = "Pods-ProjectwithMyPods.release.xcconfig"; path = "Target Support Files/Pods-ProjectwithMyPods/Pods-ProjectwithMyPods.release.xcconfig"; sourceTree = "<group>"; };
		F26743050E4D533DDD038755 /* Pods_ProjectwithMyPods.framework */ = {isa = PBXFileReference; explicitFileType = wrapper.framework; includeInIndex = 0; path = Pods_ProjectwithMyPods.framework; sourceTree = BUILT_PRODUCTS_DIR; };
/* End PBXFileReference section */

/* Begin PBXFrameworksBuildPhase section */
		42C475A3245EB02C00E049C8 /* Frameworks */ = {
			isa = PBXFrameworksBuildPhase;
			buildActionMask = 2147483647;
			files = (
				4349825DA64D4AB3BC030B75 /* Pods_ProjectwithMyPods.framework in Frameworks */,
			);
			runOnlyForDeploymentPostprocessing = 0;
		};
/* End PBXFrameworksBuildPhase section */

/* Begin PBXGroup section */
		407C0F8CEA50B2A6706D3907 /* Pods */ = {
			isa = PBXGroup;
			children = (
				4839DC79708621F6250347B5 /* Pods-ProjectwithMyPods.debug.xcconfig */,
				5C7F5532B12F9A821819C126 /* Pods-ProjectwithMyPods.release.xcconfig */,
			);
			name = Pods;
			path = Pods;
			sourceTree = "<group>";
		};
		42C4759D245EB02C00E049C8 = {
			isa = PBXGroup;
			children = (
				42C475A8245EB02C00E049C8 /* ProjectwithMyPods */,
				42C475A7245EB02C00E049C8 /* Products */,
				407C0F8CEA50B2A6706D3907 /* Pods */,
				5FE8285EDB2F19CDFDB850D6 /* Frameworks */,
			);
			sourceTree = "<group>";
		};
		42C475A7245EB02C00E049C8 /* Products */ = {
			isa = PBXGroup;
			children = (
				42C475A6245EB02C00E049C8 /* ProjectwithMyPods.app */,
			);
			name = Products;
			sourceTree = "<group>";
		};
		42C475A8245EB02C00E049C8 /* ProjectwithMyPods */ = {
			isa = PBXGroup;
			children = (
				42C475A9245EB02C00E049C8 /* AppDelegate.swift */,
				42C475AB245EB02C00E049C8 /* SceneDelegate.swift */,
				42C475AD245EB02C00E049C8 /* ViewController.swift */,
				42C475AF245EB02C00E049C8 /* Main.storyboard */,
				42C475B2245EB03100E049C8 /* Assets.xcassets */,
				42C475B4245EB03100E049C8 /* LaunchScreen.storyboard */,
				42C475B7245EB03100E049C8 /* Info.plist */,
			);
			path = ProjectwithMyPods;
			sourceTree = "<group>";
		};
		5FE8285EDB2F19CDFDB850D6 /* Frameworks */ = {
			isa = PBXGroup;
			children = (
				F26743050E4D533DDD038755 /* Pods_ProjectwithMyPods.framework */,
			);
			name = Frameworks;
			sourceTree = "<group>";
		};
/* End PBXGroup section */

/* Begin PBXNativeTarget section */
		42C475A5245EB02C00E049C8 /* ProjectwithMyPods */ = {
			isa = PBXNativeTarget;
			buildConfigurationList = 42C475BA245EB03100E049C8 /* Build configuration list for PBXNativeTarget "ProjectwithMyPods" */;
			buildPhases = (
				4C0945A4BF0C99E19EF4ABB2 /* [CP] Check Pods Manifest.lock */,
				42C475A2245EB02C00E049C8 /* Sources */,
				42C475A3245EB02C00E049C8 /* Frameworks */,
				42C475A4245EB02C00E049C8 /* Resources */,
				99FCA46E229B92CA7C196075 /* [CP] Embed Pods Frameworks */,
			);
			buildRules = (
			);
			dependencies = (
			);
			name = ProjectwithMyPods;
			productName = ProjectwithMyPods;
			productReference = 42C475A6245EB02C00E049C8 /* ProjectwithMyPods.app */;
			productType = "com.apple.product-type.application";
		};
/* End PBXNativeTarget section */

/* Begin PBXProject section */
		42C4759E245EB02C00E049C8 /* Project object */ = {
			isa = PBXProject;
			attributes = {
				LastSwiftUpdateCheck = 1130;
				LastUpgradeCheck = 1130;
				ORGANIZATIONNAME = "Samarth Kejriwal";
				TargetAttributes = {
					42C475A5245EB02C00E049C8 = {
						CreatedOnToolsVersion = 11.3.1;
					};
				};
			};
			buildConfigurationList = 42C475A1245EB02C00E049C8 /* Build configuration list for PBXProject "ProjectwithMyPods" */;
			compatibilityVersion = "Xcode 9.3";
			developmentRegion = en;
			hasScannedForEncodings = 0;
			knownRegions = (
				en,
				Base,
			);
			mainGroup = 42C4759D245EB02C00E049C8;
			productRefGroup = 42C475A7245EB02C00E049C8 /* Products */;
			projectDirPath = "";
			projectRoot = "";
			targets = (
				42C475A5245EB02C00E049C8 /* ProjectwithMyPods */,
			);
		};
/* End PBXProject section */

/* Begin PBXResourcesBuildPhase section */
		42C475A4245EB02C00E049C8 /* Resources */ = {
			isa = PBXResourcesBuildPhase;
			buildActionMask = 2147483647;
			files = (
				42C475B6245EB03100E049C8 /* LaunchScreen.storyboard in Resources */,
				42C475B3245EB03100E049C8 /* Assets.xcassets in Resources */,
				42C475B1245EB02C00E049C8 /* Main.storyboard in Resources */,
			);
			runOnlyForDeploymentPostprocessing = 0;
		};
/* End PBXResourcesBuildPhase section */

/* Begin PBXShellScriptBuildPhase section */
		4C0945A4BF0C99E19EF4ABB2 /* [CP] Check Pods Manifest.lock */ = {
			isa = PBXShellScriptBuildPhase;
			buildActionMask = 2147483647;
			files = (
			);
			inputFileListPaths = (
			);
			inputPaths = (
				"${PODS_PODFILE_DIR_PATH}/Podfile.lock",
				"${PODS_ROOT}/Manifest.lock",
			);
			name = "[CP] Check Pods Manifest.lock";
			outputFileListPaths = (
			);
			outputPaths = (
				"$(DERIVED_FILE_DIR)/Pods-ProjectwithMyPods-checkManifestLockResult.txt",
			);
			runOnlyForDeploymentPostprocessing = 0;
			shellPath = /bin/sh;
			shellScript = "diff \"${PODS_PODFILE_DIR_PATH}/Podfile.lock\" \"${PODS_ROOT}/Manifest.lock\" > /dev/null\nif [ $? != 0 ] ; then\n    # print error to STDERR\n    echo \"error: The sandbox is not in sync with the Podfile.lock. Run 'pod install' or update your CocoaPods installation.\" >&2\n    exit 1\nfi\n# This output is used by Xcode 'outputs' to avoid re-running this script phase.\necho \"SUCCESS\" > \"${SCRIPT_OUTPUT_FILE_0}\"\n";
			showEnvVarsInLog = 0;
		};
		99FCA46E229B92CA7C196075 /* [CP] Embed Pods Frameworks */ = {
			isa = PBXShellScriptBuildPhase;
			buildActionMask = 2147483647;
			files = (
			);
			inputFileListPaths = (
				"${PODS_ROOT}/Target Support Files/Pods-ProjectwithMyPods/Pods-ProjectwithMyPods-frameworks-${CONFIGURATION}-input-files.xcfilelist",
			);
			name = "[CP] Embed Pods Frameworks";
			outputFileListPaths = (
				"${PODS_ROOT}/Target Support Files/Pods-ProjectwithMyPods/Pods-ProjectwithMyPods-frameworks-${CONFIGURATION}-output-files.xcfilelist",
			);
			runOnlyForDeploymentPostprocessing = 0;
			shellPath = /bin/sh;
			shellScript = "\"${PODS_ROOT}/Target Support Files/Pods-ProjectwithMyPods/Pods-ProjectwithMyPods-frameworks.sh\"\n";
			showEnvVarsInLog = 0;
		};
/* End PBXShellScriptBuildPhase section */

/* Begin PBXSourcesBuildPhase section */
		42C475A2245EB02C00E049C8 /* Sources */ = {
			isa = PBXSourcesBuildPhase;
			buildActionMask = 2147483647;
			files = (
				42C475AE245EB02C00E049C8 /* ViewController.swift in Sources */,
				42C475AA245EB02C00E049C8 /* AppDelegate.swift in Sources */,
				42C475AC245EB02C00E049C8 /* SceneDelegate.swift in Sources */,
			);
			runOnlyForDeploymentPostprocessing = 0;
		};
/* End PBXSourcesBuildPhase section */

/* Begin PBXVariantGroup section */
		42C475AF245EB02C00E049C8 /* Main.storyboard */ = {
			isa = PBXVariantGroup;
			children = (
				42C475B0245EB02C00E049C8 /* Base */,
			);
			name = Main.storyboard;
			sourceTree = "<group>";
		};
		42C475B4245EB03100E049C8 /* LaunchScreen.storyboard */ = {
			isa = PBXVariantGroup;
			children = (
				42C475B5245EB03100E049C8 /* Base */,
			);
			name = LaunchScreen.storyboard;
			sourceTree = "<group>";
		};
/* End PBXVariantGroup section */

/* Begin XCBuildConfiguration section */
		42C475B8245EB03100E049C8 /* Debug */ = {
			isa = XCBuildConfiguration;
			buildSettings = {
				ALWAYS_SEARCH_USER_PATHS = NO;
				CLANG_ANALYZER_NONNULL = YES;
				CLANG_ANALYZER_NUMBER_OBJECT_CONVERSION = YES_AGGRESSIVE;
				CLANG_CXX_LANGUAGE_STANDARD = "gnu++14";
				CLANG_CXX_LIBRARY = "libc++";
				CLANG_ENABLE_MODULES = YES;
				CLANG_ENABLE_OBJC_ARC = YES;
				CLANG_ENABLE_OBJC_WEAK = YES;
				CLANG_WARN_BLOCK_CAPTURE_AUTORELEASING = YES;
				CLANG_WARN_BOOL_CONVERSION = YES;
				CLANG_WARN_COMMA = YES;
				CLANG_WARN_CONSTANT_CONVERSION = YES;
				CLANG_WARN_DEPRECATED_OBJC_IMPLEMENTATIONS = YES;
				CLANG_WARN_DIRECT_OBJC_ISA_USAGE = YES_ERROR;
				CLANG_WARN_DOCUMENTATION_COMMENTS = YES;
				CLANG_WARN_EMPTY_BODY = YES;
				CLANG_WARN_ENUM_CONVERSION = YES;
				CLANG_WARN_INFINITE_RECURSION = YES;
				CLANG_WARN_INT_CONVERSION = YES;
				CLANG_WARN_NON_LITERAL_NULL_CONVERSION = YES;
				CLANG_WARN_OBJC_IMPLICIT_RETAIN_SELF = YES;
				CLANG_WARN_OBJC_LITERAL_CONVERSION = YES;
				CLANG_WARN_OBJC_ROOT_CLASS = YES_ERROR;
				CLANG_WARN_RANGE_LOOP_ANALYSIS = YES;
				CLANG_WARN_STRICT_PROTOTYPES = YES;
				CLANG_WARN_SUSPICIOUS_MOVE = YES;
				CLANG_WARN_UNGUARDED_AVAILABILITY = YES_AGGRESSIVE;
				CLANG_WARN_UNREACHABLE_CODE = YES;
				CLANG_WARN__DUPLICATE_METHOD_MATCH = YES;
				COPY_PHASE_STRIP = NO;
				DEBUG_INFORMATION_FORMAT = dwarf;
				ENABLE_STRICT_OBJC_MSGSEND = YES;
				ENABLE_TESTABILITY = YES;
				GCC_C_LANGUAGE_STANDARD = gnu11;
				GCC_DYNAMIC_NO_PIC = NO;
				GCC_NO_COMMON_BLOCKS = YES;
				GCC_OPTIMIZATION_LEVEL = 0;
				GCC_PREPROCESSOR_DEFINITIONS = (
					"DEBUG=1",
					"$(inherited)",
				);
				GCC_WARN_64_TO_32_BIT_CONVERSION = YES;
				GCC_WARN_ABOUT_RETURN_TYPE = YES_ERROR;
				GCC_WARN_UNDECLARED_SELECTOR = YES;
				GCC_WARN_UNINITIALIZED_AUTOS = YES_AGGRESSIVE;
				GCC_WARN_UNUSED_FUNCTION = YES;
				GCC_WARN_UNUSED_VARIABLE = YES;
				IPHONEOS_DEPLOYMENT_TARGET = 13.2;
				MTL_ENABLE_DEBUG_INFO = INCLUDE_SOURCE;
				MTL_FAST_MATH = YES;
				ONLY_ACTIVE_ARCH = YES;
				SDKROOT = iphoneos;
				SWIFT_ACTIVE_COMPILATION_CONDITIONS = DEBUG;
				SWIFT_OPTIMIZATION_LEVEL = "-Onone";
			};
			name = Debug;
		};
		42C475B9245EB03100E049C8 /* Release */ = {
			isa = XCBuildConfiguration;
			buildSettings = {
				ALWAYS_SEARCH_USER_PATHS = NO;
				CLANG_ANALYZER_NONNULL = YES;
				CLANG_ANALYZER_NUMBER_OBJECT_CONVERSION = YES_AGGRESSIVE;
				CLANG_CXX_LANGUAGE_STANDARD = "gnu++14";
				CLANG_CXX_LIBRARY = "libc++";
				CLANG_ENABLE_MODULES = YES;
				CLANG_ENABLE_OBJC_ARC = YES;
				CLANG_ENABLE_OBJC_WEAK = YES;
				CLANG_WARN_BLOCK_CAPTURE_AUTORELEASING = YES;
				CLANG_WARN_BOOL_CONVERSION = YES;
				CLANG_WARN_COMMA = YES;
				CLANG_WARN_CONSTANT_CONVERSION = YES;
				CLANG_WARN_DEPRECATED_OBJC_IMPLEMENTATIONS = YES;
				CLANG_WARN_DIRECT_OBJC_ISA_USAGE = YES_ERROR;
				CLANG_WARN_DOCUMENTATION_COMMENTS = YES;
				CLANG_WARN_EMPTY_BODY = YES;
				CLANG_WARN_ENUM_CONVERSION = YES;
				CLANG_WARN_INFINITE_RECURSION = YES;
				CLANG_WARN_INT_CONVERSION = YES;
				CLANG_WARN_NON_LITERAL_NULL_CONVERSION = YES;
				CLANG_WARN_OBJC_IMPLICIT_RETAIN_SELF = YES;
				CLANG_WARN_OBJC_LITERAL_CONVERSION = YES;
				CLANG_WARN_OBJC_ROOT_CLASS = YES_ERROR;
				CLANG_WARN_RANGE_LOOP_ANALYSIS = YES;
				CLANG_WARN_STRICT_PROTOTYPES = YES;
				CLANG_WARN_SUSPICIOUS_MOVE = YES;
				CLANG_WARN_UNGUARDED_AVAILABILITY = YES_AGGRESSIVE;
				CLANG_WARN_UNREACHABLE_CODE = YES;
				CLANG_WARN__DUPLICATE_METHOD_MATCH = YES;
				COPY_PHASE_STRIP = NO;
				DEBUG_INFORMATION_FORMAT = "dwarf-with-dsym";
				ENABLE_NS_ASSERTIONS = NO;
				ENABLE_STRICT_OBJC_MSGSEND = YES;
				GCC_C_LANGUAGE_STANDARD = gnu11;
				GCC_NO_COMMON_BLOCKS = YES;
				GCC_WARN_64_TO_32_BIT_CONVERSION = YES;
				GCC_WARN_ABOUT_RETURN_TYPE = YES_ERROR;
				GCC_WARN_UNDECLARED_SELECTOR = YES;
				GCC_WARN_UNINITIALIZED_AUTOS = YES_AGGRESSIVE;
				GCC_WARN_UNUSED_FUNCTION = YES;
				GCC_WARN_UNUSED_VARIABLE = YES;
				IPHONEOS_DEPLOYMENT_TARGET = 13.2;
				MTL_ENABLE_DEBUG_INFO = NO;
				MTL_FAST_MATH = YES;
				SDKROOT = iphoneos;
				SWIFT_COMPILATION_MODE = wholemodule;
				SWIFT_OPTIMIZATION_LEVEL = "-O";
				VALIDATE_PRODUCT = YES;
			};
			name = Release;
		};
		42C475BB245EB03100E049C8 /* Debug */ = {
			isa = XCBuildConfiguration;
			baseConfigurationReference = 4839DC79708621F6250347B5 /* Pods-ProjectwithMyPods.debug.xcconfig */;
			buildSettings = {
				ASSETCATALOG_COMPILER_APPICON_NAME = AppIcon;
				CODE_SIGN_STYLE = Automatic;
				DEVELOPMENT_TEAM = RS9AQNP9YD;
				INFOPLIST_FILE = ProjectwithMyPods/Info.plist;
				LD_RUNPATH_SEARCH_PATHS = (
					"$(inherited)",
					"@executable_path/Frameworks",
				);
				PRODUCT_BUNDLE_IDENTIFIER = samarth.roots.ProjectwithMyPods;
				PRODUCT_NAME = "$(TARGET_NAME)";
				SWIFT_VERSION = 5.0;
				TARGETED_DEVICE_FAMILY = "1,2";
			};
			name = Debug;
		};
		42C475BC245EB03100E049C8 /* Release */ = {
			isa = XCBuildConfiguration;
			baseConfigurationReference = 5C7F5532B12F9A821819C126 /* Pods-ProjectwithMyPods.release.xcconfig */;
			buildSettings = {
				ASSETCATALOG_COMPILER_APPICON_NAME = AppIcon;
				CODE_SIGN_STYLE = Automatic;
				DEVELOPMENT_TEAM = RS9AQNP9YD;
				INFOPLIST_FILE = ProjectwithMyPods/Info.plist;
				LD_RUNPATH_SEARCH_PATHS = (
					"$(inherited)",
					"@executable_path/Frameworks",
				);
				PRODUCT_BUNDLE_IDENTIFIER = samarth.roots.ProjectwithMyPods;
				PRODUCT_NAME = "$(TARGET_NAME)";
				SWIFT_VERSION = 5.0;
				TARGETED_DEVICE_FAMILY = "1,2";
			};
			name = Release;
		};
/* End XCBuildConfiguration section */

/* Begin XCConfigurationList section */
		42C475A1245EB02C00E049C8 /* Build configuration list for PBXProject "ProjectwithMyPods" */ = {
			isa = XCConfigurationList;
			buildConfigurations = (
				42C475B8245EB03100E049C8 /* Debug */,
				42C475B9245EB03100E049C8 /* Release */,
			);
			defaultConfigurationIsVisible = 0;
			defaultConfigurationName = Release;
		};
		42C475BA245EB03100E049C8 /* Build configuration list for PBXNativeTarget "ProjectwithMyPods" */ = {
			isa = XCConfigurationList;
			buildConfigurations = (
				42C475BB245EB03100E049C8 /* Debug */,
				42C475BC245EB03100E049C8 /* Release */,
			);
			defaultConfigurationIsVisible = 0;
			defaultConfigurationName = Release;
		};
/* End XCConfigurationList section */
	};
	rootObject = 42C4759E245EB02C00E049C8 /* Project object */;
}
